# This file is automatically @generated by Poetry 2.1.2 and should not be changed by hand.

[[package]]
name = "dynamic-import"
version = "2024.5.2"
description = "Let Dynamic Import handle your projects(package) import needs. Enables you to dynamically(lazily) import module as needed on run-time."
optional = false
python-versions = ">=3.8"
groups = ["main"]
files = [
    {file = "dynamic_import-2024.5.2-py3-none-any.whl", hash = "sha256:61d7c7900faad12a5df3c1939155c609e966357285f7bd85efe43e0c4ef74387"},
    {file = "dynamic_import-2024.5.2.tar.gz", hash = "sha256:76d58ee6f4065a793b0aabb79c0b26243f3c6b45d17616eebe27dfef3a0d9194"},
]

[[package]]
name = "liburing"
version = "2024.5.3"
description = "..."
optional = false
python-versions = ">=3.8"
groups = ["main"]
files = [
    {file = "liburing-2024.5.3.tar.gz", hash = "sha256:e20420187e913d219109eccc15dcf014291da668c8b2ae9f44ccac043e6de270"},
]

[package.dependencies]
dynamic-import = "*"

[package.extras]
test = ["pytest"]

[metadata]
lock-version = "2.1"
python-versions = ">=3.13"
content-hash = "4be5904dd5b087e9d84b7f9b5797054178b63db9bee67e7b6999de6d6bc175c1"
